# This file was autogenerated by uv via the following command:
#    uv pip compile pyproject.toml -o dep-list
aiohappyeyeballs==2.6.1
    # via aiohttp
aiohttp==3.12.7
    # via
    #   static-rdf-server (pyproject.toml)
    #   aiohttp-middlewares
aiohttp-middlewares==2.4.0
    # via static-rdf-server (pyproject.toml)
aiosignal==1.3.2
    # via aiohttp
async-timeout==4.0.3
    # via
    #   aiohttp
    #   aiohttp-middlewares
attrs==25.3.0
    # via aiohttp
certifi==2025.4.26
    # via static-rdf-server (pyproject.toml)
content-negotiation==1.1.2
    # via static-rdf-server (pyproject.toml)
frozenlist==1.6.0
    # via
    #   aiohttp
    #   aiosignal
gunicorn==23.0.0
    # via static-rdf-server (pyproject.toml)
idna==3.10
    # via yarl
isodate==0.7.2
    # via rdflib
multidict==6.4.4
    # via
    #   static-rdf-server (pyproject.toml)
    #   aiohttp
    #   yarl
packaging==25.0
    # via gunicorn
pathvalidate==3.2.3
    # via static-rdf-server (pyproject.toml)
propcache==0.3.1
    # via
    #   aiohttp
    #   yarl
pyparsing==3.2.3
    # via rdflib
python-dotenv==1.1.0
    # via static-rdf-server (pyproject.toml)
python-json-logger==3.3.0
    # via static-rdf-server (pyproject.toml)
rdflib==7.1.4
    # via static-rdf-server (pyproject.toml)
typing-extensions==4.14.0
    # via multidict
yarl==1.20.0
    # via
    #   aiohttp
    #   aiohttp-middlewares
